https://github.com/Quillraven/Fleks.git/src#2.5 ::: 94715570aab8ba0e18c5cbd8a26d8a4780362ce4:0a0f01070a0c0a0c040df10e020e09fd0bfdf4050bfb0bfffffe02050c050b04
https://github.com/Quillraven/Fleks.git/src#2.6 ::: a405044e234ddfc67e56f650f6fd7b7dcfec1494:06f2070af90e040bf20f02f9f1f7fbf8f603f40e030afb030a0ff9f3fc0b000a
https://github.com/Quillraven/Fleks.git/src#2.8 ::: 4c03a42e0184972b8f0ddaa58aee3a1edb8a0eb7:f9fe0ef3fb090301f0fbfc0e0bf1faf2f30af6fb050601f1f6fef6fe00fdf4ff
https://github.com/Quillraven/Fleks.git/src#2.9 ::: 6518aa0c02af9854e2a79ff43e08239913aadb5c:fbf808f003fdfffaf0f10af10ef2fb0af6f40afcf7fd0afbfd02fe0eff0d0303
https://github.com/Quillraven/Fleks.git/src#c24925091ced418bf045ba0672734addaab573d8 ::: c24925091ced418bf045ba0672734addaab573d8:fe020a0bf50ff6f3fbf706f10af80b05fbf2050005010d04f40e0b0b02020ef7
https://github.com/korlibs/korge-asset-manager.git/korge-asset-manager#51d4aa031202c8f53280c2b951ddec2ab0aa8ab6 ::: 51d4aa031202c8f53280c2b951ddec2ab0aa8ab6:0af80d0cf60a070cfb01fefcf4f9f0f3fdf806faf90dfa07f5f7f808f0fffbf6
https://github.com/korlibs/korge-asset-manager.git/korge-asset-manager#b430445ff77dc4e7b0af8ff8468002bf5bc3ba75 ::: b430445ff77dc4e7b0af8ff8468002bf5bc3ba75:f0fefb03080ff00b09f209f8090bf1f5f40c0a05ff01f5faf1fffa06fd04fefa
https://github.com/korlibs/korge-asset-manager.git/korge-asset-manager#cd3370424c2ab6f841dba533316f4eecff208af7 ::: cd3370424c2ab6f841dba533316f4eecff208af7:fa0905020b06040f0e03fbf4fdf9f6f7f9f90bfffdfafd0af9f20af20cf2f4fb
https://github.com/korlibs/korge-fleks.git/fleks/kproject.yml#0acbfcb5d89eca161c3537a9160143c9a72d2725 ::: 0acbfcb5d89eca161c3537a9160143c9a72d2725:f10207fa040b0807f80003fb0b020707fdf2070004faf2f108f20cfdfe060e06
https://github.com/korlibs/korge-fleks.git/fleks/kproject.yml#119ba8993e8e0e949ff78316272223895833aef9 ::: 119ba8993e8e0e949ff78316272223895833aef9:f20e02fd0ef6faf4fdff040700060f0bf706f1f9f8fc0600faf7f5f10a0e030a
https://github.com/korlibs/korge-fleks.git/fleks/kproject.yml#3b452aab03a8eabdf8bc2af9ce3ab0d3a7deca46 ::: 3b452aab03a8eabdf8bc2af9ce3ab0d3a7deca46:fd0f0300f6f901fb0ff9fdf2fe00040ef4fe0409f4f9f3f9070cf9f409f1f805
https://github.com/korlibs/korge-fleks.git/fleks/kproject.yml#41ea118b1f502bc9ed7dbaca653bc3e92804bd1a ::: 41ea118b1f502bc9ed7dbaca653bc3e92804bd1a:020af0f606f809f8090b0cff03f80e01f9040a0bfdf0f3f9fef5000f0ff0f1f6
https://github.com/korlibs/korge-fleks.git/fleks/kproject.yml#6e409847f026e0aa93c44c643f931d23032aa6ca ::: 6e409847f026e0aa93c44c643f931d23032aa6ca:070307f0ff0802f9f506fd0ff6f4f9f40807f8fbfdfc0af4fc0bf9090e05f302
https://github.com/korlibs/korge-fleks.git/fleks/kproject.yml#9704f2275f7b58f3667cd1ab7b867908a2a1d125 ::: 9704f2275f7b58f3667cd1ab7b867908a2a1d125:020af0f606f809f8090b0cff03f80e01f9040a0bfdf0f3f9fef5000f0ff0f1f6
https://github.com/korlibs/korge-fleks.git/fleks/kproject.yml#fd311c2a208d7a05b156abcbc65c61ace48a6157 ::: fd311c2a208d7a05b156abcbc65c61ace48a6157:07f4f40bf703f40c0ef8f1f9f6fef70e0f0408f3fff903ff0efcf3f6fe0ef306
https://github.com/korlibs/korge-fleks.git/korge-fleks#0acbfcb5d89eca161c3537a9160143c9a72d2725 ::: 0acbfcb5d89eca161c3537a9160143c9a72d2725:0806060d0703f3f80b08f4f70e0e0700f0f5f70b0408f30efef3f2fb0e0a0205
https://github.com/korlibs/korge-fleks.git/korge-fleks#119ba8993e8e0e949ff78316272223895833aef9 ::: 119ba8993e8e0e949ff78316272223895833aef9:f5fb030c0b0cf803f5f0f50c06f40a060bf008070bff080207fa0406f6fb0106
https://github.com/korlibs/korge-fleks.git/korge-fleks#3b452aab03a8eabdf8bc2af9ce3ab0d3a7deca46 ::: 3b452aab03a8eabdf8bc2af9ce3ab0d3a7deca46:f205fef70802f8f9f4f80df10a02f60ff4fafefd0efe01010dfef60805f60602
https://github.com/korlibs/korge-fleks.git/korge-fleks#41ea118b1f502bc9ed7dbaca653bc3e92804bd1a ::: 41ea118b1f502bc9ed7dbaca653bc3e92804bd1a:faf404f9f0f5fbf0f20503f8fbfffe0500f5080a000c0cfff702f2fff20c020d
https://github.com/korlibs/korge-fleks.git/korge-fleks#6e409847f026e0aa93c44c643f931d23032aa6ca ::: 6e409847f026e0aa93c44c643f931d23032aa6ca:0109f8f203f0fcfe0e0cf4f6fffffefe0bfdf30208ff0f0ffe0409fbf3f4f2f0
https://github.com/korlibs/korge-fleks.git/korge-fleks#9704f2275f7b58f3667cd1ab7b867908a2a1d125 ::: 9704f2275f7b58f3667cd1ab7b867908a2a1d125:f6fcf2faf70ff0feff02f9010b0bfa0701f20809060a06f4f6f4f8f1f509f6f0
https://github.com/korlibs/korge-fleks.git/korge-fleks#fd311c2a208d7a05b156abcbc65c61ace48a6157 ::: fd311c2a208d7a05b156abcbc65c61ace48a6157:02fa0b0f0303020302fff90004f8f4fb0d05f6fdf0f60ff20b00fdfb000c090f
https://github.com/korlibs/korge-ldtk.git/korge-ldtk#bc5cbb726f78aa3064357d9babba67fbc5ad7db1 ::: bc5cbb726f78aa3064357d9babba67fbc5ad7db1:0af30ef1070b0f0e09f9fef20f09fa0bf1fff1f404f7f1f1030b0f0cf7f4fc01
https://github.com/korlibs/korge-ldtk.git/korge-ldtk#c590319a9b9b3811b564a22c20e12cd1e877b528 ::: c590319a9b9b3811b564a22c20e12cd1e877b528:090f090e09fdf503f80bf3040808f6fff3faf401fef9060e010ff50b05030df3
https://github.com/korlibs/korge-parallax.git/korge-parallax#00b2659614a39d0daab9023678d016d2b65c80fd ::: 00b2659614a39d0daab9023678d016d2b65c80fd:fa0d0cf9f6fe040603fdfbf006f8f7f2080d06fefafbf6f5faf20efb0e03f900
https://github.com/korlibs/korge-parallax.git/korge-parallax#2f5fa9be09b52c343d9160fe29dc683aa86e22e8 ::: 2f5fa9be09b52c343d9160fe29dc683aa86e22e8:0cfc02fbf3080e010ff60c05fb040fff00f8ff05f4f6f3fefc03fc0ef60df80b
https://github.com/korlibs/korge-parallax.git/korge-parallax#94bb0b1b86dc0d593e1baa520a0f2ce8d03e5238 ::: 94bb0b1b86dc0d593e1baa520a0f2ce8d03e5238:fffdf60a0105fd0c07fcfbf1f1050103020e0df10df10af80f070808f20cf50a
https://github.com/korlibs/korge-parallax.git/korge-parallax#994e0356761e6f19cb518e39332ac9383bd8149f ::: 994e0356761e6f19cb518e39332ac9383bd8149f:01f10a0203f0f607fcfdfaf8fe0c0ffe0f09fdf3f3f1f2080803f30b0b00fcf8
https://github.com/korlibs/korge-parallax.git/korge-parallax#v0.2.0 ::: 3a2f59d9d6dcf89a63c1039394dcd71b94ccfe1d:0e0ef0f50afc0a08fc08f5010af7fa0707fdfafb050206f3f60d0a0df5f601f6
https://github.com/korlibs/korge-tiled.git/korge-tiled#9b7b2ee7c416ba0fd90deb8b997dfbef2dd0e328 ::: 9b7b2ee7c416ba0fd90deb8b997dfbef2dd0e328:0a0cf0060ff6f602f9faf20804f9f8fe0809f4f60ef1f4f5ff0d04fafd000600
https://github.com/korlibs/korge-tiled.git/korge-tiled#a54e3b2cacf24e0a0eb87e2580f69f8c81d083ce ::: a54e3b2cacf24e0a0eb87e2580f69f8c81d083ce:02f30ff20ff7070806f803fef601f3fffd0d0c0bf40d0d020f02080904f8f206
