https://github.com/Quillraven/Fleks.git/src#2.9 ::: 6518aa0c02af9854e2a79ff43e08239913aadb5c:fbf808f003fdfffaf0f10af10ef2fb0af6f40afcf7fd0afbfd02fe0eff0d0303
https://github.com/korlibs/korge-fleks.git/fleks/kproject.yml#v0.1.0 ::: ffe05c15eef1f9425497f496ca62d53e901ed30c:07f4f40bf703f40c0ef8f1f9f6fef70e0f0408f3fff903ff0efcf3f6fe0ef306
https://github.com/korlibs/korge-fleks.git/korge-fleks#v0.1.0 ::: ffe05c15eef1f9425497f496ca62d53e901ed30c:f906f4f209f90af00df500f302f6030f00fc03f6f0f9fc05fef8fb070c0307ff
https://github.com/korlibs/korge-ldtk.git/korge-ldtk#bc5cbb726f78aa3064357d9babba67fbc5ad7db1 ::: bc5cbb726f78aa3064357d9babba67fbc5ad7db1:0af30ef1070b0f0e09f9fef20f09fa0bf1fff1f404f7f1f1030b0f0cf7f4fc01
